dependencies:
  espressif/usb_host_uvc:
    component_hash: 9370ff8e8701cb62e0733557458a1146334dc4f0b5c84efd33828b98573c6a59
    dependencies:
    - name: idf
      require: private
      version: '>=5.0'
    - name: espressif/usb
      registry_url: https://components.espressif.com
      require: public
      rules:
      - if: idf_version >=6.0
      - if: target not in ["linux"]
      version: ^1.0.0
    source:
      registry_url: https://components.espressif.com/
      type: service
    targets:
    - esp32s2
    - esp32s3
    - esp32p4
    - esp32h4
    - esp32s31
    - linux
    version: 2.5.0
  idf:
    source:
      type: idf
    version: 5.5.4
  lvgl/lvgl:
    component_hash: 184e532558c1c45fefed631f3e235423d22582aafb4630f3e8885c35281a49ae
    dependencies: []
    source:
      registry_url: https://components.espressif.com/
      type: service
    version: 9.5.0
direct_dependencies:
- espressif/usb_host_uvc
- idf
- lvgl/lvgl
manifest_hash: e2606936ade2f8d8f0bfe46e295ed5bad9f4b8c24adbc0d647fa47244f449f82
target: esp32s3
version: 2.0.0
